<?xml version="1.0" encoding="utf-8"?>
<Project ToolsVersion="4.0" xmlns="http://schemas.microsoft.com/developer/msbuild/2003">
  <ItemGroup>
    <Filter Include="Source Files">
      <UniqueIdentifier>{4FC737F1-C7A5-4376-A066-2A32D752A2FF}</UniqueIdentifier>
      <Extensions>cpp;c;cc;cxx;def;odl;idl;hpj;bat;asm;asmx</Extensions>
    </Filter>
    <Filter Include="Header Files">
      <UniqueIdentifier>{93995380-89BD-4b04-88EB-625FBE52EBFB}</UniqueIdentifier>
      <Extensions>h;hh;hpp;hxx;hm;inl;inc;xsd</Extensions>
    </Filter>
    <Filter Include="Resource Files">
      <UniqueIdentifier>{67DA6AB6-F800-4c08-8B7A-83BB121AAD01}</UniqueIdentifier>
      <Extensions>rc;ico;cur;bmp;dlg;rc2;rct;bin;rgs;gif;jpg;jpeg;jpe;resx;tiff;tif;png;wav;mfcribbon-ms</Extensions>
    </Filter>
  </ItemGroup>
  <ItemGroup>
    <ClInclude Include="targetver.h">
      <Filter>Header Files</Filter>
    </ClInclude>
    <ClInclude Include="InputParser\InputParser.h">
      <Filter>Header Files</Filter>
    </ClInclude>
    <ClInclude Include="OptionContainer\OptionContainer.h">
      <Filter>Header Files</Filter>
    </ClInclude>
    <ClInclude Include="Matrix\matrix.hpp">
      <Filter>Source Files</Filter>
    </ClInclude>
    <ClInclude Include="Config\Config.h">
      <Filter>Header Files</Filter>
    </ClInclude>
    <ClInclude Include="Boolset\BoolSet.h">
      <Filter>Header Files</Filter>
    </ClInclude>
    <ClInclude Include="Boolset\WeightedBoolSet.h">
      <Filter>Header Files</Filter>
    </ClInclude>
    <ClInclude Include="Cover\Cover.h">
      <Filter>Header Files</Filter>
    </ClInclude>
  </ItemGroup>
  <ItemGroup>
    <ClCompile Include="main.cpp">
      <Filter>Source Files</Filter>
    </ClCompile>
    <ClCompile Include="OptionContainer\OptionContainer.cpp">
      <Filter>Source Files</Filter>
    </ClCompile>
    <ClCompile Include="Config\Config.cpp">
      <Filter>Source Files</Filter>
    </ClCompile>
    <ClCompile Include="..\UNIT_TEST\OptionContainer\TEST_OptionContainer.cpp">
      <Filter>Source Files</Filter>
    </ClCompile>
    <ClCompile Include="..\UNIT_TEST\Config\TEST_Config.cpp">
      <Filter>Source Files</Filter>
    </ClCompile>
    <ClCompile Include="Boolset\BoolSet.cpp">
      <Filter>Source Files</Filter>
    </ClCompile>
    <ClCompile Include="Boolset\WeightedBoolSet.cpp">
      <Filter>Source Files</Filter>
    </ClCompile>
    <ClCompile Include="..\UNIT_TEST\BoolSet\TEST_Boolset.cpp">
      <Filter>Source Files</Filter>
    </ClCompile>
    <ClCompile Include="Cover\Cover.cpp">
      <Filter>Source Files</Filter>
    </ClCompile>
  </ItemGroup>
</Project>